
Microsoft Visual Studio Solution File, Format Version 12.00
# Visual Studio Version 17
VisualStudioVersion = 17.5.33424.131
MinimumVisualStudioVersion = 10.0.40219.1
Project("{FAE04EC0-301F-11D3-BF4B-00C04F79EFBC}") = "OnTheFlyApp", "OnTheFly\OnTheFlyApp.csproj", "{28D58904-9823-4396-AF66-7F8EACC21508}"
EndProject
Project("{FAE04EC0-301F-11D3-BF4B-00C04F79EFBC}") = "OnTheFly.Models", "OnTheFly.Models\OnTheFly.Models.csproj", "{384B5D6E-C793-412F-9956-7ED8B961F473}"
EndProject
Project("{FAE04EC0-301F-11D3-BF4B-00C04F79EFBC}") = "OnTheFlyApp.PassengerService", "OnTheFlyApp.PassengerService\OnTheFlyApp.PassengerService.csproj", "{5C1482D9-6A13-4679-82BA-0292BB3FDB1D}"
EndProject
Project("{FAE04EC0-301F-11D3-BF4B-00C04F79EFBC}") = "OnTheFlyApp.CompanyService", "OnTheFlyApp.CompanyService\OnTheFlyApp.CompanyService.csproj", "{7A7F84A9-2766-4D6C-9AF6-921819DB5206}"
EndProject
Project("{FAE04EC0-301F-11D3-BF4B-00C04F79EFBC}") = "OnTheFlyApp.FlightService", "OnTheFlyApp.FlightService\OnTheFlyApp.FlightService.csproj", "{D6242AE5-6DCF-4957-8672-881D9B8ED708}"
EndProject
Project("{FAE04EC0-301F-11D3-BF4B-00C04F79EFBC}") = "OnTheFlyApp.AirCraftService", "OnTheFlyApp.AirCraftService\OnTheFlyApp.AirCraftService.csproj", "{671DC203-8130-4DF6-B536-0D09923D9261}"
EndProject
Project("{FAE04EC0-301F-11D3-BF4B-00C04F79EFBC}") = "OnTheFlyApp.SaleService", "OnTheFlyApp.SaleService\OnTheFlyApp.SaleService.csproj", "{B4BAC670-2962-4064-944C-9D196848927C}"
EndProject
Project("{9A19103F-16F7-4668-BE54-9A1E7A4F7556}") = "AirportAPI", "AirportAPI\AirportAPI.csproj", "{2E978039-72C6-4AE3-927F-CA0DD5AF83F3}"
EndProject
Global
	GlobalSection(SolutionConfigurationPlatforms) = preSolution
		Debug|Any CPU = Debug|Any CPU
		Release|Any CPU = Release|Any CPU
	EndGlobalSection
	GlobalSection(ProjectConfigurationPlatforms) = postSolution
		{28D58904-9823-4396-AF66-7F8EACC21508}.Debug|Any CPU.ActiveCfg = Debug|Any CPU
		{28D58904-9823-4396-AF66-7F8EACC21508}.Debug|Any CPU.Build.0 = Debug|Any CPU
		{28D58904-9823-4396-AF66-7F8EACC21508}.Release|Any CPU.ActiveCfg = Release|Any CPU
		{28D58904-9823-4396-AF66-7F8EACC21508}.Release|Any CPU.Build.0 = Release|Any CPU
		{384B5D6E-C793-412F-9956-7ED8B961F473}.Debug|Any CPU.ActiveCfg = Debug|Any CPU
		{384B5D6E-C793-412F-9956-7ED8B961F473}.Debug|Any CPU.Build.0 = Debug|Any CPU
		{384B5D6E-C793-412F-9956-7ED8B961F473}.Release|Any CPU.ActiveCfg = Release|Any CPU
		{384B5D6E-C793-412F-9956-7ED8B961F473}.Release|Any CPU.Build.0 = Release|Any CPU
		{5C1482D9-6A13-4679-82BA-0292BB3FDB1D}.Debug|Any CPU.ActiveCfg = Debug|Any CPU
		{5C1482D9-6A13-4679-82BA-0292BB3FDB1D}.Debug|Any CPU.Build.0 = Debug|Any CPU
		{5C1482D9-6A13-4679-82BA-0292BB3FDB1D}.Release|Any CPU.ActiveCfg = Release|Any CPU
		{5C1482D9-6A13-4679-82BA-0292BB3FDB1D}.Release|Any CPU.Build.0 = Release|Any CPU
		{7A7F84A9-2766-4D6C-9AF6-921819DB5206}.Debug|Any CPU.ActiveCfg = Debug|Any CPU
		{7A7F84A9-2766-4D6C-9AF6-921819DB5206}.Debug|Any CPU.Build.0 = Debug|Any CPU
		{7A7F84A9-2766-4D6C-9AF6-921819DB5206}.Release|Any CPU.ActiveCfg = Release|Any CPU
		{7A7F84A9-2766-4D6C-9AF6-921819DB5206}.Release|Any CPU.Build.0 = Release|Any CPU
		{D6242AE5-6DCF-4957-8672-881D9B8ED708}.Debug|Any CPU.ActiveCfg = Debug|Any CPU
		{D6242AE5-6DCF-4957-8672-881D9B8ED708}.Debug|Any CPU.Build.0 = Debug|Any CPU
		{D6242AE5-6DCF-4957-8672-881D9B8ED708}.Release|Any CPU.ActiveCfg = Release|Any CPU
		{D6242AE5-6DCF-4957-8672-881D9B8ED708}.Release|Any CPU.Build.0 = Release|Any CPU
		{671DC203-8130-4DF6-B536-0D09923D9261}.Debug|Any CPU.ActiveCfg = Debug|Any CPU
		{671DC203-8130-4DF6-B536-0D09923D9261}.Debug|Any CPU.Build.0 = Debug|Any CPU
		{671DC203-8130-4DF6-B536-0D09923D9261}.Release|Any CPU.ActiveCfg = Release|Any CPU
		{671DC203-8130-4DF6-B536-0D09923D9261}.Release|Any CPU.Build.0 = Release|Any CPU
		{B4BAC670-2962-4064-944C-9D196848927C}.Debug|Any CPU.ActiveCfg = Debug|Any CPU
		{B4BAC670-2962-4064-944C-9D196848927C}.Debug|Any CPU.Build.0 = Debug|Any CPU
		{B4BAC670-2962-4064-944C-9D196848927C}.Release|Any CPU.ActiveCfg = Release|Any CPU
		{B4BAC670-2962-4064-944C-9D196848927C}.Release|Any CPU.Build.0 = Release|Any CPU
		{2E978039-72C6-4AE3-927F-CA0DD5AF83F3}.Debug|Any CPU.ActiveCfg = Debug|Any CPU
		{2E978039-72C6-4AE3-927F-CA0DD5AF83F3}.Debug|Any CPU.Build.0 = Debug|Any CPU
		{2E978039-72C6-4AE3-927F-CA0DD5AF83F3}.Release|Any CPU.ActiveCfg = Release|Any CPU
		{2E978039-72C6-4AE3-927F-CA0DD5AF83F3}.Release|Any CPU.Build.0 = Release|Any CPU
	EndGlobalSection
	GlobalSection(SolutionProperties) = preSolution
		HideSolutionNode = FALSE
	EndGlobalSection
	GlobalSection(ExtensibilityGlobals) = postSolution
		SolutionGuid = {5FA9FCC6-8E24-46B9-9A33-423494F61932}
	EndGlobalSection
EndGlobal
