
Microsoft Visual Studio Solution File, Format Version 12.00
# Visual Studio Version 17
VisualStudioVersion = 17.5.33424.131
MinimumVisualStudioVersion = 10.0.40219.1
Project("{FAE04EC0-301F-11D3-BF4B-00C04F79EFBC}") = "OnTheFly", "OnTheFly\OnTheFly.csproj", "{28D58904-9823-4396-AF66-7F8EACC21508}"
EndProject
Global
	GlobalSection(SolutionConfigurationPlatforms) = preSolution
		Debug|Any CPU = Debug|Any CPU
		Release|Any CPU = Release|Any CPU
	EndGlobalSection
	GlobalSection(ProjectConfigurationPlatforms) = postSolution
		{28D58904-9823-4396-AF66-7F8EACC21508}.Debug|Any CPU.ActiveCfg = Debug|Any CPU
		{28D58904-9823-4396-AF66-7F8EACC21508}.Debug|Any CPU.Build.0 = Debug|Any CPU
		{28D58904-9823-4396-AF66-7F8EACC21508}.Release|Any CPU.ActiveCfg = Release|Any CPU
		{28D58904-9823-4396-AF66-7F8EACC21508}.Release|Any CPU.Build.0 = Release|Any CPU
	EndGlobalSection
	GlobalSection(SolutionProperties) = preSolution
		HideSolutionNode = FALSE
	EndGlobalSection
	GlobalSection(ExtensibilityGlobals) = postSolution
		SolutionGuid = {5FA9FCC6-8E24-46B9-9A33-423494F61932}
	EndGlobalSection
EndGlobal
